// !$*UTF8*$!
{
	archiveVersion = 1;
	classes = {
	};
	objectVersion = 56;
	objects = {

/* Begin PBXBuildFile section */
		DF06FCDD2BCEB4FB00BD0BC6 /* SwiftUI_Airbnb_CloneApp.swift in Sources */ = {isa = PBXBuildFile; fileRef = DF06FCDC2BCEB4FB00BD0BC6 /* SwiftUI_Airbnb_CloneApp.swift */; };
		DF06FCDF2BCEB4FB00BD0BC6 /* ContentView.swift in Sources */ = {isa = PBXBuildFile; fileRef = DF06FCDE2BCEB4FB00BD0BC6 /* ContentView.swift */; };
		DF06FCE12BCEB4FC00BD0BC6 /* Assets.xcassets in Resources */ = {isa = PBXBuildFile; fileRef = DF06FCE02BCEB4FC00BD0BC6 /* Assets.xcassets */; };
		DF06FCE42BCEB4FC00BD0BC6 /* Preview Assets.xcassets in Resources */ = {isa = PBXBuildFile; fileRef = DF06FCE32BCEB4FC00BD0BC6 /* Preview Assets.xcassets */; };
		DF06FCFA2BCEBBB100BD0BC6 /* ExploreView.swift in Sources */ = {isa = PBXBuildFile; fileRef = DF06FCF92BCEBBB100BD0BC6 /* ExploreView.swift */; };
		DF06FCFD2BCEBC7B00BD0BC6 /* ListingItemView.swift in Sources */ = {isa = PBXBuildFile; fileRef = DF06FCFC2BCEBC7B00BD0BC6 /* ListingItemView.swift */; };
		DF06FCFF2BCECEB100BD0BC6 /* SearchAndFilterBar.swift in Sources */ = {isa = PBXBuildFile; fileRef = DF06FCFE2BCECEB100BD0BC6 /* SearchAndFilterBar.swift */; };
		DF06FD012BCED71400BD0BC6 /* ListingDetailView.swift in Sources */ = {isa = PBXBuildFile; fileRef = DF06FD002BCED71400BD0BC6 /* ListingDetailView.swift */; };
		DF06FD042BCED79300BD0BC6 /* ListingImageCarousalView.swift in Sources */ = {isa = PBXBuildFile; fileRef = DF06FD032BCED79300BD0BC6 /* ListingImageCarousalView.swift */; };
		DFA54AED2BCFC27D000A9BDB /* DestinationSerachView.swift in Sources */ = {isa = PBXBuildFile; fileRef = DFA54AEC2BCFC27D000A9BDB /* DestinationSerachView.swift */; };
		DFF1986E2BCFEEF300152F47 /* ProfileLoginView.swift in Sources */ = {isa = PBXBuildFile; fileRef = DFF1986D2BCFEEF300152F47 /* ProfileLoginView.swift */; };
/* End PBXBuildFile section */

/* Begin PBXFileReference section */
		DF06FCD92BCEB4FB00BD0BC6 /* SwiftUI-Airbnb-Clone.app */ = {isa = PBXFileReference; explicitFileType = wrapper.application; includeInIndex = 0; path = "SwiftUI-Airbnb-Clone.app"; sourceTree = BUILT_PRODUCTS_DIR; };
		DF06FCDC2BCEB4FB00BD0BC6 /* SwiftUI_Airbnb_CloneApp.swift */ = {isa = PBXFileReference; lastKnownFileType = sourcecode.swift; path = SwiftUI_Airbnb_CloneApp.swift; sourceTree = "<group>"; };
		DF06FCDE2BCEB4FB00BD0BC6 /* ContentView.swift */ = {isa = PBXFileReference; lastKnownFileType = sourcecode.swift; path = ContentView.swift; sourceTree = "<group>"; };
		DF06FCE02BCEB4FC00BD0BC6 /* Assets.xcassets */ = {isa = PBXFileReference; lastKnownFileType = folder.assetcatalog; path = Assets.xcassets; sourceTree = "<group>"; };
		DF06FCE32BCEB4FC00BD0BC6 /* Preview Assets.xcassets */ = {isa = PBXFileReference; lastKnownFileType = folder.assetcatalog; path = "Preview Assets.xcassets"; sourceTree = "<group>"; };
		DF06FCF92BCEBBB100BD0BC6 /* ExploreView.swift */ = {isa = PBXFileReference; lastKnownFileType = sourcecode.swift; path = ExploreView.swift; sourceTree = "<group>"; };
		DF06FCFC2BCEBC7B00BD0BC6 /* ListingItemView.swift */ = {isa = PBXFileReference; lastKnownFileType = sourcecode.swift; path = ListingItemView.swift; sourceTree = "<group>"; };
		DF06FCFE2BCECEB100BD0BC6 /* SearchAndFilterBar.swift */ = {isa = PBXFileReference; lastKnownFileType = sourcecode.swift; path = SearchAndFilterBar.swift; sourceTree = "<group>"; };
		DF06FD002BCED71400BD0BC6 /* ListingDetailView.swift */ = {isa = PBXFileReference; lastKnownFileType = sourcecode.swift; path = ListingDetailView.swift; sourceTree = "<group>"; };
		DF06FD032BCED79300BD0BC6 /* ListingImageCarousalView.swift */ = {isa = PBXFileReference; lastKnownFileType = sourcecode.swift; path = ListingImageCarousalView.swift; sourceTree = "<group>"; };
		DFA54AEC2BCFC27D000A9BDB /* DestinationSerachView.swift */ = {isa = PBXFileReference; lastKnownFileType = sourcecode.swift; path = DestinationSerachView.swift; sourceTree = "<group>"; };
		DFF1986D2BCFEEF300152F47 /* ProfileLoginView.swift */ = {isa = PBXFileReference; lastKnownFileType = sourcecode.swift; path = ProfileLoginView.swift; sourceTree = "<group>"; };
/* End PBXFileReference section */

/* Begin PBXFrameworksBuildPhase section */
		DF06FCD62BCEB4FB00BD0BC6 /* Frameworks */ = {
			isa = PBXFrameworksBuildPhase;
			buildActionMask = 2147483647;
			files = (
			);
			runOnlyForDeploymentPostprocessing = 0;
		};
/* End PBXFrameworksBuildPhase section */

/* Begin PBXGroup section */
		DF06FCD02BCEB4FB00BD0BC6 = {
			isa = PBXGroup;
			children = (
				DF06FCDB2BCEB4FB00BD0BC6 /* SwiftUI-Airbnb-Clone */,
				DF06FCDA2BCEB4FB00BD0BC6 /* Products */,
			);
			sourceTree = "<group>";
		};
		DF06FCDA2BCEB4FB00BD0BC6 /* Products */ = {
			isa = PBXGroup;
			children = (
				DF06FCD92BCEB4FB00BD0BC6 /* SwiftUI-Airbnb-Clone.app */,
			);
			name = Products;
			sourceTree = "<group>";
		};
		DF06FCDB2BCEB4FB00BD0BC6 /* SwiftUI-Airbnb-Clone */ = {
			isa = PBXGroup;
			children = (
				DF06FCEA2BCEB57F00BD0BC6 /* App */,
				DF06FCEB2BCEB5A900BD0BC6 /* Core */,
				DF06FCEC2BCEB5AE00BD0BC6 /* Extensions */,
				DF06FCEE2BCEB5ED00BD0BC6 /* Models */,
				DF06FCED2BCEB5C000BD0BC6 /* Utils */,
				DF06FCDE2BCEB4FB00BD0BC6 /* ContentView.swift */,
				DF06FCE02BCEB4FC00BD0BC6 /* Assets.xcassets */,
				DF06FCE22BCEB4FC00BD0BC6 /* Preview Content */,
			);
			path = "SwiftUI-Airbnb-Clone";
			sourceTree = "<group>";
		};
		DF06FCE22BCEB4FC00BD0BC6 /* Preview Content */ = {
			isa = PBXGroup;
			children = (
				DF06FCE32BCEB4FC00BD0BC6 /* Preview Assets.xcassets */,
			);
			path = "Preview Content";
			sourceTree = "<group>";
		};
		DF06FCEA2BCEB57F00BD0BC6 /* App */ = {
			isa = PBXGroup;
			children = (
				DF06FCDC2BCEB4FB00BD0BC6 /* SwiftUI_Airbnb_CloneApp.swift */,
			);
			path = App;
			sourceTree = "<group>";
		};
		DF06FCEB2BCEB5A900BD0BC6 /* Core */ = {
			isa = PBXGroup;
			children = (
				DF06FD022BCED77E00BD0BC6 /* Components */,
				DF06FCEF2BCEB67300BD0BC6 /* Explore */,
				DF06FCF02BCEB67F00BD0BC6 /* Listings */,
				DF06FCF12BCEB69200BD0BC6 /* MapView */,
				DF06FCF22BCEB69D00BD0BC6 /* Profile */,
				DF06FCF32BCEB6CE00BD0BC6 /* Root */,
				DF06FCF42BCEB6DA00BD0BC6 /* TabBar */,
				DF06FCF52BCEB6DF00BD0BC6 /* Wishlists */,
			);
			path = Core;
			sourceTree = "<group>";
		};
		DF06FCEC2BCEB5AE00BD0BC6 /* Extensions */ = {
			isa = PBXGroup;
			children = (
			);
			path = Extensions;
			sourceTree = "<group>";
		};
		DF06FCED2BCEB5C000BD0BC6 /* Utils */ = {
			isa = PBXGroup;
			children = (
			);
			path = Utils;
			sourceTree = "<group>";
		};
		DF06FCEE2BCEB5ED00BD0BC6 /* Models */ = {
			isa = PBXGroup;
			children = (
			);
			path = Models;
			sourceTree = "<group>";
		};
		DF06FCEF2BCEB67300BD0BC6 /* Explore */ = {
			isa = PBXGroup;
			children = (
				DF06FCF62BCEBAAD00BD0BC6 /* View */,
			);
			path = Explore;
			sourceTree = "<group>";
		};
		DF06FCF02BCEB67F00BD0BC6 /* Listings */ = {
			isa = PBXGroup;
			children = (
				DF06FCFB2BCEBC2000BD0BC6 /* View */,
			);
			path = Listings;
			sourceTree = "<group>";
		};
		DF06FCF12BCEB69200BD0BC6 /* MapView */ = {
			isa = PBXGroup;
			children = (
			);
			path = MapView;
			sourceTree = "<group>";
		};
		DF06FCF22BCEB69D00BD0BC6 /* Profile */ = {
			isa = PBXGroup;
			children = (
				DFF1986D2BCFEEF300152F47 /* ProfileLoginView.swift */,
			);
			path = Profile;
			sourceTree = "<group>";
		};
		DF06FCF32BCEB6CE00BD0BC6 /* Root */ = {
			isa = PBXGroup;
			children = (
			);
			path = Root;
			sourceTree = "<group>";
		};
		DF06FCF42BCEB6DA00BD0BC6 /* TabBar */ = {
			isa = PBXGroup;
			children = (
			);
			path = TabBar;
			sourceTree = "<group>";
		};
		DF06FCF52BCEB6DF00BD0BC6 /* Wishlists */ = {
			isa = PBXGroup;
			children = (
			);
			path = Wishlists;
			sourceTree = "<group>";
		};
		DF06FCF62BCEBAAD00BD0BC6 /* View */ = {
			isa = PBXGroup;
			children = (
				DF06FCF92BCEBBB100BD0BC6 /* ExploreView.swift */,
				DF06FCFE2BCECEB100BD0BC6 /* SearchAndFilterBar.swift */,
				DFA54AEC2BCFC27D000A9BDB /* DestinationSerachView.swift */,
			);
			path = View;
			sourceTree = "<group>";
		};
		DF06FCFB2BCEBC2000BD0BC6 /* View */ = {
			isa = PBXGroup;
			children = (
				DF06FCFC2BCEBC7B00BD0BC6 /* ListingItemView.swift */,
				DF06FD002BCED71400BD0BC6 /* ListingDetailView.swift */,
			);
			path = View;
			sourceTree = "<group>";
		};
		DF06FD022BCED77E00BD0BC6 /* Components */ = {
			isa = PBXGroup;
			children = (
				DF06FD032BCED79300BD0BC6 /* ListingImageCarousalView.swift */,
			);
			path = Components;
			sourceTree = "<group>";
		};
/* End PBXGroup section */

/* Begin PBXNativeTarget section */
		DF06FCD82BCEB4FB00BD0BC6 /* SwiftUI-Airbnb-Clone */ = {
			isa = PBXNativeTarget;
			buildConfigurationList = DF06FCE72BCEB4FC00BD0BC6 /* Build configuration list for PBXNativeTarget "SwiftUI-Airbnb-Clone" */;
			buildPhases = (
				DF06FCD52BCEB4FB00BD0BC6 /* Sources */,
				DF06FCD62BCEB4FB00BD0BC6 /* Frameworks */,
				DF06FCD72BCEB4FB00BD0BC6 /* Resources */,
			);
			buildRules = (
			);
			dependencies = (
			);
			name = "SwiftUI-Airbnb-Clone";
			productName = "SwiftUI-Airbnb-Clone";
			productReference = DF06FCD92BCEB4FB00BD0BC6 /* SwiftUI-Airbnb-Clone.app */;
			productType = "com.apple.product-type.application";
		};
/* End PBXNativeTarget section */

/* Begin PBXProject section */
		DF06FCD12BCEB4FB00BD0BC6 /* Project object */ = {
			isa = PBXProject;
			attributes = {
				BuildIndependentTargetsInParallel = 1;
				LastSwiftUpdateCheck = 1520;
				LastUpgradeCheck = 1520;
				TargetAttributes = {
					DF06FCD82BCEB4FB00BD0BC6 = {
						CreatedOnToolsVersion = 15.2;
					};
				};
			};
			buildConfigurationList = DF06FCD42BCEB4FB00BD0BC6 /* Build configuration list for PBXProject "SwiftUI-Airbnb-Clone" */;
			compatibilityVersion = "Xcode 14.0";
			developmentRegion = en;
			hasScannedForEncodings = 0;
			knownRegions = (
				en,
				Base,
			);
			mainGroup = DF06FCD02BCEB4FB00BD0BC6;
			productRefGroup = DF06FCDA2BCEB4FB00BD0BC6 /* Products */;
			projectDirPath = "";
			projectRoot = "";
			targets = (
				DF06FCD82BCEB4FB00BD0BC6 /* SwiftUI-Airbnb-Clone */,
			);
		};
/* End PBXProject section */

/* Begin PBXResourcesBuildPhase section */
		DF06FCD72BCEB4FB00BD0BC6 /* Resources */ = {
			isa = PBXResourcesBuildPhase;
			buildActionMask = 2147483647;
			files = (
				DF06FCE42BCEB4FC00BD0BC6 /* Preview Assets.xcassets in Resources */,
				DF06FCE12BCEB4FC00BD0BC6 /* Assets.xcassets in Resources */,
			);
			runOnlyForDeploymentPostprocessing = 0;
		};
/* End PBXResourcesBuildPhase section */

/* Begin PBXSourcesBuildPhase section */
		DF06FCD52BCEB4FB00BD0BC6 /* Sources */ = {
			isa = PBXSourcesBuildPhase;
			buildActionMask = 2147483647;
			files = (
				DF06FCFD2BCEBC7B00BD0BC6 /* ListingItemView.swift in Sources */,
				DFF1986E2BCFEEF300152F47 /* ProfileLoginView.swift in Sources */,
				DFA54AED2BCFC27D000A9BDB /* DestinationSerachView.swift in Sources */,
				DF06FCDF2BCEB4FB00BD0BC6 /* ContentView.swift in Sources */,
				DF06FCDD2BCEB4FB00BD0BC6 /* SwiftUI_Airbnb_CloneApp.swift in Sources */,
				DF06FCFF2BCECEB100BD0BC6 /* SearchAndFilterBar.swift in Sources */,
				DF06FD012BCED71400BD0BC6 /* ListingDetailView.swift in Sources */,
				DF06FD042BCED79300BD0BC6 /* ListingImageCarousalView.swift in Sources */,
				DF06FCFA2BCEBBB100BD0BC6 /* ExploreView.swift in Sources */,
			);
			runOnlyForDeploymentPostprocessing = 0;
		};
/* End PBXSourcesBuildPhase section */

/* Begin XCBuildConfiguration section */
		DF06FCE52BCEB4FC00BD0BC6 /* Debug */ = {
			isa = XCBuildConfiguration;
			buildSettings = {
				ALWAYS_SEARCH_USER_PATHS = NO;
				ASSETCATALOG_COMPILER_GENERATE_SWIFT_ASSET_SYMBOL_EXTENSIONS = YES;
				CLANG_ANALYZER_NONNULL = YES;
				CLANG_ANALYZER_NUMBER_OBJECT_CONVERSION = YES_AGGRESSIVE;
				CLANG_CXX_LANGUAGE_STANDARD = "gnu++20";
				CLANG_ENABLE_MODULES = YES;
				CLANG_ENABLE_OBJC_ARC = YES;
				CLANG_ENABLE_OBJC_WEAK = YES;
				CLANG_WARN_BLOCK_CAPTURE_AUTORELEASING = YES;
				CLANG_WARN_BOOL_CONVERSION = YES;
				CLANG_WARN_COMMA = YES;
				CLANG_WARN_CONSTANT_CONVERSION = YES;
				CLANG_WARN_DEPRECATED_OBJC_IMPLEMENTATIONS = YES;
				CLANG_WARN_DIRECT_OBJC_ISA_USAGE = YES_ERROR;
				CLANG_WARN_DOCUMENTATION_COMMENTS = YES;
				CLANG_WARN_EMPTY_BODY = YES;
				CLANG_WARN_ENUM_CONVERSION = YES;
				CLANG_WARN_INFINITE_RECURSION = YES;
				CLANG_WARN_INT_CONVERSION = YES;
				CLANG_WARN_NON_LITERAL_NULL_CONVERSION = YES;
				CLANG_WARN_OBJC_IMPLICIT_RETAIN_SELF = YES;
				CLANG_WARN_OBJC_LITERAL_CONVERSION = YES;
				CLANG_WARN_OBJC_ROOT_CLASS = YES_ERROR;
				CLANG_WARN_QUOTED_INCLUDE_IN_FRAMEWORK_HEADER = YES;
				CLANG_WARN_RANGE_LOOP_ANALYSIS = YES;
				CLANG_WARN_STRICT_PROTOTYPES = YES;
				CLANG_WARN_SUSPICIOUS_MOVE = YES;
				CLANG_WARN_UNGUARDED_AVAILABILITY = YES_AGGRESSIVE;
				CLANG_WARN_UNREACHABLE_CODE = YES;
				CLANG_WARN__DUPLICATE_METHOD_MATCH = YES;
				COPY_PHASE_STRIP = NO;
				DEBUG_INFORMATION_FORMAT = dwarf;
				ENABLE_STRICT_OBJC_MSGSEND = YES;
				ENABLE_TESTABILITY = YES;
				ENABLE_USER_SCRIPT_SANDBOXING = YES;
				GCC_C_LANGUAGE_STANDARD = gnu17;
				GCC_DYNAMIC_NO_PIC = NO;
				GCC_NO_COMMON_BLOCKS = YES;
				GCC_OPTIMIZATION_LEVEL = 0;
				GCC_PREPROCESSOR_DEFINITIONS = (
					"DEBUG=1",
					"$(inherited)",
				);
				GCC_WARN_64_TO_32_BIT_CONVERSION = YES;
				GCC_WARN_ABOUT_RETURN_TYPE = YES_ERROR;
				GCC_WARN_UNDECLARED_SELECTOR = YES;
				GCC_WARN_UNINITIALIZED_AUTOS = YES_AGGRESSIVE;
				GCC_WARN_UNUSED_FUNCTION = YES;
				GCC_WARN_UNUSED_VARIABLE = YES;
				IPHONEOS_DEPLOYMENT_TARGET = 17.2;
				LOCALIZATION_PREFERS_STRING_CATALOGS = YES;
				MTL_ENABLE_DEBUG_INFO = INCLUDE_SOURCE;
				MTL_FAST_MATH = YES;
				ONLY_ACTIVE_ARCH = YES;
				SDKROOT = iphoneos;
				SWIFT_ACTIVE_COMPILATION_CONDITIONS = "DEBUG $(inherited)";
				SWIFT_OPTIMIZATION_LEVEL = "-Onone";
			};
			name = Debug;
		};
		DF06FCE62BCEB4FC00BD0BC6 /* Release */ = {
			isa = XCBuildConfiguration;
			buildSettings = {
				ALWAYS_SEARCH_USER_PATHS = NO;
				ASSETCATALOG_COMPILER_GENERATE_SWIFT_ASSET_SYMBOL_EXTENSIONS = YES;
				CLANG_ANALYZER_NONNULL = YES;
				CLANG_ANALYZER_NUMBER_OBJECT_CONVERSION = YES_AGGRESSIVE;
				CLANG_CXX_LANGUAGE_STANDARD = "gnu++20";
				CLANG_ENABLE_MODULES = YES;
				CLANG_ENABLE_OBJC_ARC = YES;
				CLANG_ENABLE_OBJC_WEAK = YES;
				CLANG_WARN_BLOCK_CAPTURE_AUTORELEASING = YES;
				CLANG_WARN_BOOL_CONVERSION = YES;
				CLANG_WARN_COMMA = YES;
				CLANG_WARN_CONSTANT_CONVERSION = YES;
				CLANG_WARN_DEPRECATED_OBJC_IMPLEMENTATIONS = YES;
				CLANG_WARN_DIRECT_OBJC_ISA_USAGE = YES_ERROR;
				CLANG_WARN_DOCUMENTATION_COMMENTS = YES;
				CLANG_WARN_EMPTY_BODY = YES;
				CLANG_WARN_ENUM_CONVERSION = YES;
				CLANG_WARN_INFINITE_RECURSION = YES;
				CLANG_WARN_INT_CONVERSION = YES;
				CLANG_WARN_NON_LITERAL_NULL_CONVERSION = YES;
				CLANG_WARN_OBJC_IMPLICIT_RETAIN_SELF = YES;
				CLANG_WARN_OBJC_LITERAL_CONVERSION = YES;
				CLANG_WARN_OBJC_ROOT_CLASS = YES_ERROR;
				CLANG_WARN_QUOTED_INCLUDE_IN_FRAMEWORK_HEADER = YES;
				CLANG_WARN_RANGE_LOOP_ANALYSIS = YES;
				CLANG_WARN_STRICT_PROTOTYPES = YES;
				CLANG_WARN_SUSPICIOUS_MOVE = YES;
				CLANG_WARN_UNGUARDED_AVAILABILITY = YES_AGGRESSIVE;
				CLANG_WARN_UNREACHABLE_CODE = YES;
				CLANG_WARN__DUPLICATE_METHOD_MATCH = YES;
				COPY_PHASE_STRIP = NO;
				DEBUG_INFORMATION_FORMAT = "dwarf-with-dsym";
				ENABLE_NS_ASSERTIONS = NO;
				ENABLE_STRICT_OBJC_MSGSEND = YES;
				ENABLE_USER_SCRIPT_SANDBOXING = YES;
				GCC_C_LANGUAGE_STANDARD = gnu17;
				GCC_NO_COMMON_BLOCKS = YES;
				GCC_WARN_64_TO_32_BIT_CONVERSION = YES;
				GCC_WARN_ABOUT_RETURN_TYPE = YES_ERROR;
				GCC_WARN_UNDECLARED_SELECTOR = YES;
				GCC_WARN_UNINITIALIZED_AUTOS = YES_AGGRESSIVE;
				GCC_WARN_UNUSED_FUNCTION = YES;
				GCC_WARN_UNUSED_VARIABLE = YES;
				IPHONEOS_DEPLOYMENT_TARGET = 17.2;
				LOCALIZATION_PREFERS_STRING_CATALOGS = YES;
				MTL_ENABLE_DEBUG_INFO = NO;
				MTL_FAST_MATH = YES;
				SDKROOT = iphoneos;
				SWIFT_COMPILATION_MODE = wholemodule;
				VALIDATE_PRODUCT = YES;
			};
			name = Release;
		};
		DF06FCE82BCEB4FC00BD0BC6 /* Debug */ = {
			isa = XCBuildConfiguration;
			buildSettings = {
				ASSETCATALOG_COMPILER_APPICON_NAME = AppIcon;
				ASSETCATALOG_COMPILER_GLOBAL_ACCENT_COLOR_NAME = AccentColor;
				CODE_SIGN_STYLE = Automatic;
				CURRENT_PROJECT_VERSION = 1;
				DEVELOPMENT_ASSET_PATHS = "\"SwiftUI-Airbnb-Clone/Preview Content\"";
				ENABLE_PREVIEWS = YES;
				GENERATE_INFOPLIST_FILE = YES;
				INFOPLIST_KEY_UIApplicationSceneManifest_Generation = YES;
				INFOPLIST_KEY_UIApplicationSupportsIndirectInputEvents = YES;
				INFOPLIST_KEY_UILaunchScreen_Generation = YES;
				INFOPLIST_KEY_UISupportedInterfaceOrientations_iPad = "UIInterfaceOrientationPortrait UIInterfaceOrientationPortraitUpsideDown UIInterfaceOrientationLandscapeLeft UIInterfaceOrientationLandscapeRight";
				INFOPLIST_KEY_UISupportedInterfaceOrientations_iPhone = "UIInterfaceOrientationPortrait UIInterfaceOrientationLandscapeLeft UIInterfaceOrientationLandscapeRight";
				LD_RUNPATH_SEARCH_PATHS = (
					"$(inherited)",
					"@executable_path/Frameworks",
				);
				MARKETING_VERSION = 1.0;
				PRODUCT_BUNDLE_IDENTIFIER = "me.ozmus.enes.SwiftUI-Airbnb-Clone";
				PRODUCT_NAME = "$(TARGET_NAME)";
				SWIFT_EMIT_LOC_STRINGS = YES;
				SWIFT_VERSION = 5.0;
				TARGETED_DEVICE_FAMILY = "1,2";
			};
			name = Debug;
		};
		DF06FCE92BCEB4FC00BD0BC6 /* Release */ = {
			isa = XCBuildConfiguration;
			buildSettings = {
				ASSETCATALOG_COMPILER_APPICON_NAME = AppIcon;
				ASSETCATALOG_COMPILER_GLOBAL_ACCENT_COLOR_NAME = AccentColor;
				CODE_SIGN_STYLE = Automatic;
				CURRENT_PROJECT_VERSION = 1;
				DEVELOPMENT_ASSET_PATHS = "\"SwiftUI-Airbnb-Clone/Preview Content\"";
				ENABLE_PREVIEWS = YES;
				GENERATE_INFOPLIST_FILE = YES;
				INFOPLIST_KEY_UIApplicationSceneManifest_Generation = YES;
				INFOPLIST_KEY_UIApplicationSupportsIndirectInputEvents = YES;
				INFOPLIST_KEY_UILaunchScreen_Generation = YES;
				INFOPLIST_KEY_UISupportedInterfaceOrientations_iPad = "UIInterfaceOrientationPortrait UIInterfaceOrientationPortraitUpsideDown UIInterfaceOrientationLandscapeLeft UIInterfaceOrientationLandscapeRight";
				INFOPLIST_KEY_UISupportedInterfaceOrientations_iPhone = "UIInterfaceOrientationPortrait UIInterfaceOrientationLandscapeLeft UIInterfaceOrientationLandscapeRight";
				LD_RUNPATH_SEARCH_PATHS = (
					"$(inherited)",
					"@executable_path/Frameworks",
				);
				MARKETING_VERSION = 1.0;
				PRODUCT_BUNDLE_IDENTIFIER = "me.ozmus.enes.SwiftUI-Airbnb-Clone";
				PRODUCT_NAME = "$(TARGET_NAME)";
				SWIFT_EMIT_LOC_STRINGS = YES;
				SWIFT_VERSION = 5.0;
				TARGETED_DEVICE_FAMILY = "1,2";
			};
			name = Release;
		};
/* End XCBuildConfiguration section */

/* Begin XCConfigurationList section */
		DF06FCD42BCEB4FB00BD0BC6 /* Build configuration list for PBXProject "SwiftUI-Airbnb-Clone" */ = {
			isa = XCConfigurationList;
			buildConfigurations = (
				DF06FCE52BCEB4FC00BD0BC6 /* Debug */,
				DF06FCE62BCEB4FC00BD0BC6 /* Release */,
			);
			defaultConfigurationIsVisible = 0;
			defaultConfigurationName = Release;
		};
		DF06FCE72BCEB4FC00BD0BC6 /* Build configuration list for PBXNativeTarget "SwiftUI-Airbnb-Clone" */ = {
			isa = XCConfigurationList;
			buildConfigurations = (
				DF06FCE82BCEB4FC00BD0BC6 /* Debug */,
				DF06FCE92BCEB4FC00BD0BC6 /* Release */,
			);
			defaultConfigurationIsVisible = 0;
			defaultConfigurationName = Release;
		};
/* End XCConfigurationList section */
	};
	rootObject = DF06FCD12BCEB4FB00BD0BC6 /* Project object */;
}
